
Microsoft Visual Studio Solution File, Format Version 12.00
# Visual Studio 2013
VisualStudioVersion = 12.0.40629.0
MinimumVisualStudioVersion = 10.0.40219.1
Project("{FAE04EC0-301F-11D3-BF4B-00C04F79EFBC}") = "HelloWorld", "HelloWorld\HelloWorld.csproj", "{9000C910-16E2-4A46-BE44-A52AC6ED63B4}"
EndProject
Project("{FAE04EC0-301F-11D3-BF4B-00C04F79EFBC}") = "PrintName", "PrintName\PrintName.csproj", "{F19E5AB6-F022-49C3-8467-41421EA215D3}"
EndProject
Project("{FAE04EC0-301F-11D3-BF4B-00C04F79EFBC}") = "PrintNumbers", "PrintNumbers\PrintNumbers.csproj", "{DADF4060-675C-4CF3-86CD-4C63C711921D}"
EndProject
Project("{FAE04EC0-301F-11D3-BF4B-00C04F79EFBC}") = "Names", "Names\Names.csproj", "{0C18D818-9632-4312-BEF3-76E4F36E82C1}"
EndProject
Project("{FAE04EC0-301F-11D3-BF4B-00C04F79EFBC}") = "SquareRoot", "SquareRoot\SquareRoot.csproj", "{388CBD14-CDB4-457D-8BA8-14664F6B049E}"
EndProject
Project("{FAE04EC0-301F-11D3-BF4B-00C04F79EFBC}") = "PrintNum", "PrintNum\PrintNum.csproj", "{C846E78C-9725-4EDD-9D30-21A9F20C56E2}"
EndProject
Project("{FAE04EC0-301F-11D3-BF4B-00C04F79EFBC}") = "FormatCode", "FormatCode\FormatCode.csproj", "{BE189844-BCAD-4CFF-A7A2-ED8B9512BCFA}"
EndProject
Project("{FAE04EC0-301F-11D3-BF4B-00C04F79EFBC}") = "DateTime", "DateTime\DateTime.csproj", "{034719F7-0724-4A97-91DE-2DA2820ECDFB}"
EndProject
Project("{FAE04EC0-301F-11D3-BF4B-00C04F79EFBC}") = "Birthday", "Birthday\Birthday.csproj", "{78BB8808-BED3-4C62-87A2-54B98FBE6100}"
EndProject
Project("{FAE04EC0-301F-11D3-BF4B-00C04F79EFBC}") = "LongSequence", "LongSequence\LongSequence.csproj", "{3D8C6C52-5909-442D-AD69-2762A4C022A1}"
EndProject
Project("{FAE04EC0-301F-11D3-BF4B-00C04F79EFBC}") = "QuotesInStrings", "QuotesInStrings\QuotesInStrings.csproj", "{E023C197-1BA9-4E34-845B-5D257436E14B}"
EndProject
Project("{FAE04EC0-301F-11D3-BF4B-00C04F79EFBC}") = "DeclareVariables", "DeclareVariables\DeclareVariables.csproj", "{1CB87DBE-EDE2-4F98-9B1D-B7A27EF08A3D}"
EndProject
Project("{FAE04EC0-301F-11D3-BF4B-00C04F79EFBC}") = "FloatOrDouble", "FloatOrDouble\FloatOrDouble.csproj", "{EA903FDE-426D-48F6-8732-03EAF24A285A}"
EndProject
Project("{FAE04EC0-301F-11D3-BF4B-00C04F79EFBC}") = "Hexa", "Hexa\Hexa.csproj", "{0CC11C73-253A-4188-B682-C835EA6A420A}"
EndProject
Project("{FAE04EC0-301F-11D3-BF4B-00C04F79EFBC}") = "Unicode", "Unicode\Unicode.csproj", "{0C72FFA5-A297-43FB-9A20-8401ABC7BAA7}"
EndProject
Project("{FAE04EC0-301F-11D3-BF4B-00C04F79EFBC}") = "Bool", "Bool\Bool.csproj", "{07D0B7BF-A674-43B9-B447-B78F55D8A572}"
EndProject
Project("{FAE04EC0-301F-11D3-BF4B-00C04F79EFBC}") = "StringsAndObjects", "StringsAndObjects\StringsAndObjects.csproj", "{3BD77F3F-4CFB-40E6-8ECF-3159E673168C}"
EndProject
Project("{FAE04EC0-301F-11D3-BF4B-00C04F79EFBC}") = "IsoscelesTriangle", "IsoscelesTriangle\IsoscelesTriangle.csproj", "{E89B2A3C-E2BE-4945-B0BC-7459F9F9F6D2}"
EndProject
Project("{FAE04EC0-301F-11D3-BF4B-00C04F79EFBC}") = "VariableValueExchange", "VariableValueExchange\VariableValueExchange.csproj", "{98A4B582-4F3E-480F-A512-A90A82F4D86A}"
EndProject
Project("{FAE04EC0-301F-11D3-BF4B-00C04F79EFBC}") = "EmployeeData", "EmployeeData\EmployeeData.csproj", "{5D97C700-20D0-4AE7-971E-A83F59EBC67A}"
EndProject
Project("{FAE04EC0-301F-11D3-BF4B-00C04F79EFBC}") = "BankAccountData", "BankAccountData\BankAccountData.csproj", "{F438DF6C-CC0D-4096-B62D-DB4065D2B62C}"
EndProject
Project("{FAE04EC0-301F-11D3-BF4B-00C04F79EFBC}") = "Null", "Null\Null.csproj", "{3EBF1E1F-0251-49C8-AF3A-CE9135AD0809}"
EndProject
Project("{FAE04EC0-301F-11D3-BF4B-00C04F79EFBC}") = "ComparingFloats", "ComparingFloats\ComparingFloats.csproj", "{3A621358-B85E-4CC7-9D52-5C0DCF0B7975}"
EndProject
Project("{FAE04EC0-301F-11D3-BF4B-00C04F79EFBC}") = "ASCII", "ASCII\ASCII.csproj", "{D4D16BE4-AFDF-42EC-8717-069B376005EC}"
EndProject
Project("{FAE04EC0-301F-11D3-BF4B-00C04F79EFBC}") = "OddOrEven", "OddOrEven\OddOrEven\OddOrEven.csproj", "{F67DB2BA-D77F-4DDB-9F2B-850883C57F68}"
EndProject
Project("{FAE04EC0-301F-11D3-BF4B-00C04F79EFBC}") = "MoonGravity", "MoonGravity\MoonGravity.csproj", "{E54F176F-AF2E-4CC6-A5DD-BC6624BC6B83}"
EndProject
Project("{FAE04EC0-301F-11D3-BF4B-00C04F79EFBC}") = "SevenByFive", "SevenByFive\SevenByFive.csproj", "{9BAF64D4-56E4-49AE-9A43-24B9A17002A8}"
EndProject
Project("{FAE04EC0-301F-11D3-BF4B-00C04F79EFBC}") = "Rectangle", "Rectangle\Rectangle.csproj", "{E522222E-9550-4E08-8627-E0C6789C39F5}"
EndProject
Project("{FAE04EC0-301F-11D3-BF4B-00C04F79EFBC}") = "ThirdDigit", "ThirdDigit\ThirdDigit.csproj", "{5FB679B7-4555-4620-9BBD-8D1238B6373D}"
EndProject
Project("{FAE04EC0-301F-11D3-BF4B-00C04F79EFBC}") = "FourDigits", "FourDigits\FourDigits.csproj", "{2595CA6B-BAF1-45FB-A5E3-2FB7216F30F8}"
EndProject
Project("{FAE04EC0-301F-11D3-BF4B-00C04F79EFBC}") = "PointInACircle", "PointInACircle\PointInACircle.csproj", "{09436369-23A8-4B2C-A89A-D953F50A18DD}"
EndProject
Project("{FAE04EC0-301F-11D3-BF4B-00C04F79EFBC}") = "PrimeCheck", "PrimeCheck\PrimeCheck.csproj", "{FC1ECCCE-C65E-4BB2-885B-717AE838808B}"
EndProject
Project("{FAE04EC0-301F-11D3-BF4B-00C04F79EFBC}") = "Trapezoids", "Trapezoids\Trapezoids.csproj", "{551917DD-D6B3-4569-86E4-81366AA07BBD}"
EndProject
Project("{FAE04EC0-301F-11D3-BF4B-00C04F79EFBC}") = "PointCircleRectangle", "PointCircleRectangle\PointCircleRectangle.csproj", "{E5F813E4-C8C8-4744-B3E8-430128BE6A82}"
EndProject
Project("{FAE04EC0-301F-11D3-BF4B-00C04F79EFBC}") = "ThirdBit", "ThirdBit\ThirdBit.csproj", "{6EA5BFEC-E5F0-40FA-92DB-526B8D346C49}"
EndProject
Project("{FAE04EC0-301F-11D3-BF4B-00C04F79EFBC}") = "NthBit", "NthBit\NthBit.csproj", "{72584BC5-89AF-4097-9388-19E7B5FE53C6}"
EndProject
Project("{FAE04EC0-301F-11D3-BF4B-00C04F79EFBC}") = "ModifyBit", "ModifyBit\ModifyBit.csproj", "{9AD3DB44-ECA2-4DF2-B966-D42B8BD0C5A5}"
EndProject
Project("{FAE04EC0-301F-11D3-BF4B-00C04F79EFBC}") = "BitExchange", "BitExchange\BitExchange.csproj", "{335549A9-8DE5-435C-AEF2-C15DF0CD7B58}"
EndProject
Project("{FAE04EC0-301F-11D3-BF4B-00C04F79EFBC}") = "BitSwap", "BitSwap\BitSwap.csproj", "{E59B546A-7CDB-4BA6-B68D-B0447D00ED3A}"
EndProject
Global
	GlobalSection(SolutionConfigurationPlatforms) = preSolution
		Debug|Any CPU = Debug|Any CPU
		Release|Any CPU = Release|Any CPU
	EndGlobalSection
	GlobalSection(ProjectConfigurationPlatforms) = postSolution
		{9000C910-16E2-4A46-BE44-A52AC6ED63B4}.Debug|Any CPU.ActiveCfg = Debug|Any CPU
		{9000C910-16E2-4A46-BE44-A52AC6ED63B4}.Debug|Any CPU.Build.0 = Debug|Any CPU
		{9000C910-16E2-4A46-BE44-A52AC6ED63B4}.Release|Any CPU.ActiveCfg = Release|Any CPU
		{9000C910-16E2-4A46-BE44-A52AC6ED63B4}.Release|Any CPU.Build.0 = Release|Any CPU
		{F19E5AB6-F022-49C3-8467-41421EA215D3}.Debug|Any CPU.ActiveCfg = Debug|Any CPU
		{F19E5AB6-F022-49C3-8467-41421EA215D3}.Debug|Any CPU.Build.0 = Debug|Any CPU
		{F19E5AB6-F022-49C3-8467-41421EA215D3}.Release|Any CPU.ActiveCfg = Release|Any CPU
		{F19E5AB6-F022-49C3-8467-41421EA215D3}.Release|Any CPU.Build.0 = Release|Any CPU
		{DADF4060-675C-4CF3-86CD-4C63C711921D}.Debug|Any CPU.ActiveCfg = Debug|Any CPU
		{DADF4060-675C-4CF3-86CD-4C63C711921D}.Debug|Any CPU.Build.0 = Debug|Any CPU
		{DADF4060-675C-4CF3-86CD-4C63C711921D}.Release|Any CPU.ActiveCfg = Release|Any CPU
		{DADF4060-675C-4CF3-86CD-4C63C711921D}.Release|Any CPU.Build.0 = Release|Any CPU
		{0C18D818-9632-4312-BEF3-76E4F36E82C1}.Debug|Any CPU.ActiveCfg = Debug|Any CPU
		{0C18D818-9632-4312-BEF3-76E4F36E82C1}.Debug|Any CPU.Build.0 = Debug|Any CPU
		{0C18D818-9632-4312-BEF3-76E4F36E82C1}.Release|Any CPU.ActiveCfg = Release|Any CPU
		{0C18D818-9632-4312-BEF3-76E4F36E82C1}.Release|Any CPU.Build.0 = Release|Any CPU
		{388CBD14-CDB4-457D-8BA8-14664F6B049E}.Debug|Any CPU.ActiveCfg = Debug|Any CPU
		{388CBD14-CDB4-457D-8BA8-14664F6B049E}.Debug|Any CPU.Build.0 = Debug|Any CPU
		{388CBD14-CDB4-457D-8BA8-14664F6B049E}.Release|Any CPU.ActiveCfg = Release|Any CPU
		{388CBD14-CDB4-457D-8BA8-14664F6B049E}.Release|Any CPU.Build.0 = Release|Any CPU
		{C846E78C-9725-4EDD-9D30-21A9F20C56E2}.Debug|Any CPU.ActiveCfg = Debug|Any CPU
		{C846E78C-9725-4EDD-9D30-21A9F20C56E2}.Debug|Any CPU.Build.0 = Debug|Any CPU
		{C846E78C-9725-4EDD-9D30-21A9F20C56E2}.Release|Any CPU.ActiveCfg = Release|Any CPU
		{C846E78C-9725-4EDD-9D30-21A9F20C56E2}.Release|Any CPU.Build.0 = Release|Any CPU
		{BE189844-BCAD-4CFF-A7A2-ED8B9512BCFA}.Debug|Any CPU.ActiveCfg = Debug|Any CPU
		{BE189844-BCAD-4CFF-A7A2-ED8B9512BCFA}.Debug|Any CPU.Build.0 = Debug|Any CPU
		{BE189844-BCAD-4CFF-A7A2-ED8B9512BCFA}.Release|Any CPU.ActiveCfg = Release|Any CPU
		{BE189844-BCAD-4CFF-A7A2-ED8B9512BCFA}.Release|Any CPU.Build.0 = Release|Any CPU
		{034719F7-0724-4A97-91DE-2DA2820ECDFB}.Debug|Any CPU.ActiveCfg = Debug|Any CPU
		{034719F7-0724-4A97-91DE-2DA2820ECDFB}.Debug|Any CPU.Build.0 = Debug|Any CPU
		{034719F7-0724-4A97-91DE-2DA2820ECDFB}.Release|Any CPU.ActiveCfg = Release|Any CPU
		{034719F7-0724-4A97-91DE-2DA2820ECDFB}.Release|Any CPU.Build.0 = Release|Any CPU
		{78BB8808-BED3-4C62-87A2-54B98FBE6100}.Debug|Any CPU.ActiveCfg = Debug|Any CPU
		{78BB8808-BED3-4C62-87A2-54B98FBE6100}.Debug|Any CPU.Build.0 = Debug|Any CPU
		{78BB8808-BED3-4C62-87A2-54B98FBE6100}.Release|Any CPU.ActiveCfg = Release|Any CPU
		{78BB8808-BED3-4C62-87A2-54B98FBE6100}.Release|Any CPU.Build.0 = Release|Any CPU
		{3D8C6C52-5909-442D-AD69-2762A4C022A1}.Debug|Any CPU.ActiveCfg = Debug|Any CPU
		{3D8C6C52-5909-442D-AD69-2762A4C022A1}.Debug|Any CPU.Build.0 = Debug|Any CPU
		{3D8C6C52-5909-442D-AD69-2762A4C022A1}.Release|Any CPU.ActiveCfg = Release|Any CPU
		{3D8C6C52-5909-442D-AD69-2762A4C022A1}.Release|Any CPU.Build.0 = Release|Any CPU
		{E023C197-1BA9-4E34-845B-5D257436E14B}.Debug|Any CPU.ActiveCfg = Debug|Any CPU
		{E023C197-1BA9-4E34-845B-5D257436E14B}.Debug|Any CPU.Build.0 = Debug|Any CPU
		{E023C197-1BA9-4E34-845B-5D257436E14B}.Release|Any CPU.ActiveCfg = Release|Any CPU
		{E023C197-1BA9-4E34-845B-5D257436E14B}.Release|Any CPU.Build.0 = Release|Any CPU
		{1CB87DBE-EDE2-4F98-9B1D-B7A27EF08A3D}.Debug|Any CPU.ActiveCfg = Debug|Any CPU
		{1CB87DBE-EDE2-4F98-9B1D-B7A27EF08A3D}.Debug|Any CPU.Build.0 = Debug|Any CPU
		{1CB87DBE-EDE2-4F98-9B1D-B7A27EF08A3D}.Release|Any CPU.ActiveCfg = Release|Any CPU
		{1CB87DBE-EDE2-4F98-9B1D-B7A27EF08A3D}.Release|Any CPU.Build.0 = Release|Any CPU
		{EA903FDE-426D-48F6-8732-03EAF24A285A}.Debug|Any CPU.ActiveCfg = Debug|Any CPU
		{EA903FDE-426D-48F6-8732-03EAF24A285A}.Debug|Any CPU.Build.0 = Debug|Any CPU
		{EA903FDE-426D-48F6-8732-03EAF24A285A}.Release|Any CPU.ActiveCfg = Release|Any CPU
		{EA903FDE-426D-48F6-8732-03EAF24A285A}.Release|Any CPU.Build.0 = Release|Any CPU
		{0CC11C73-253A-4188-B682-C835EA6A420A}.Debug|Any CPU.ActiveCfg = Debug|Any CPU
		{0CC11C73-253A-4188-B682-C835EA6A420A}.Debug|Any CPU.Build.0 = Debug|Any CPU
		{0CC11C73-253A-4188-B682-C835EA6A420A}.Release|Any CPU.ActiveCfg = Release|Any CPU
		{0CC11C73-253A-4188-B682-C835EA6A420A}.Release|Any CPU.Build.0 = Release|Any CPU
		{0C72FFA5-A297-43FB-9A20-8401ABC7BAA7}.Debug|Any CPU.ActiveCfg = Debug|Any CPU
		{0C72FFA5-A297-43FB-9A20-8401ABC7BAA7}.Debug|Any CPU.Build.0 = Debug|Any CPU
		{0C72FFA5-A297-43FB-9A20-8401ABC7BAA7}.Release|Any CPU.ActiveCfg = Release|Any CPU
		{0C72FFA5-A297-43FB-9A20-8401ABC7BAA7}.Release|Any CPU.Build.0 = Release|Any CPU
		{07D0B7BF-A674-43B9-B447-B78F55D8A572}.Debug|Any CPU.ActiveCfg = Debug|Any CPU
		{07D0B7BF-A674-43B9-B447-B78F55D8A572}.Debug|Any CPU.Build.0 = Debug|Any CPU
		{07D0B7BF-A674-43B9-B447-B78F55D8A572}.Release|Any CPU.ActiveCfg = Release|Any CPU
		{07D0B7BF-A674-43B9-B447-B78F55D8A572}.Release|Any CPU.Build.0 = Release|Any CPU
		{3BD77F3F-4CFB-40E6-8ECF-3159E673168C}.Debug|Any CPU.ActiveCfg = Debug|Any CPU
		{3BD77F3F-4CFB-40E6-8ECF-3159E673168C}.Debug|Any CPU.Build.0 = Debug|Any CPU
		{3BD77F3F-4CFB-40E6-8ECF-3159E673168C}.Release|Any CPU.ActiveCfg = Release|Any CPU
		{3BD77F3F-4CFB-40E6-8ECF-3159E673168C}.Release|Any CPU.Build.0 = Release|Any CPU
		{E89B2A3C-E2BE-4945-B0BC-7459F9F9F6D2}.Debug|Any CPU.ActiveCfg = Debug|Any CPU
		{E89B2A3C-E2BE-4945-B0BC-7459F9F9F6D2}.Debug|Any CPU.Build.0 = Debug|Any CPU
		{E89B2A3C-E2BE-4945-B0BC-7459F9F9F6D2}.Release|Any CPU.ActiveCfg = Release|Any CPU
		{E89B2A3C-E2BE-4945-B0BC-7459F9F9F6D2}.Release|Any CPU.Build.0 = Release|Any CPU
		{98A4B582-4F3E-480F-A512-A90A82F4D86A}.Debug|Any CPU.ActiveCfg = Debug|Any CPU
		{98A4B582-4F3E-480F-A512-A90A82F4D86A}.Debug|Any CPU.Build.0 = Debug|Any CPU
		{98A4B582-4F3E-480F-A512-A90A82F4D86A}.Release|Any CPU.ActiveCfg = Release|Any CPU
		{98A4B582-4F3E-480F-A512-A90A82F4D86A}.Release|Any CPU.Build.0 = Release|Any CPU
		{5D97C700-20D0-4AE7-971E-A83F59EBC67A}.Debug|Any CPU.ActiveCfg = Debug|Any CPU
		{5D97C700-20D0-4AE7-971E-A83F59EBC67A}.Debug|Any CPU.Build.0 = Debug|Any CPU
		{5D97C700-20D0-4AE7-971E-A83F59EBC67A}.Release|Any CPU.ActiveCfg = Release|Any CPU
		{5D97C700-20D0-4AE7-971E-A83F59EBC67A}.Release|Any CPU.Build.0 = Release|Any CPU
		{F438DF6C-CC0D-4096-B62D-DB4065D2B62C}.Debug|Any CPU.ActiveCfg = Debug|Any CPU
		{F438DF6C-CC0D-4096-B62D-DB4065D2B62C}.Debug|Any CPU.Build.0 = Debug|Any CPU
		{F438DF6C-CC0D-4096-B62D-DB4065D2B62C}.Release|Any CPU.ActiveCfg = Release|Any CPU
		{F438DF6C-CC0D-4096-B62D-DB4065D2B62C}.Release|Any CPU.Build.0 = Release|Any CPU
		{3EBF1E1F-0251-49C8-AF3A-CE9135AD0809}.Debug|Any CPU.ActiveCfg = Debug|Any CPU
		{3EBF1E1F-0251-49C8-AF3A-CE9135AD0809}.Debug|Any CPU.Build.0 = Debug|Any CPU
		{3EBF1E1F-0251-49C8-AF3A-CE9135AD0809}.Release|Any CPU.ActiveCfg = Release|Any CPU
		{3EBF1E1F-0251-49C8-AF3A-CE9135AD0809}.Release|Any CPU.Build.0 = Release|Any CPU
		{3A621358-B85E-4CC7-9D52-5C0DCF0B7975}.Debug|Any CPU.ActiveCfg = Debug|Any CPU
		{3A621358-B85E-4CC7-9D52-5C0DCF0B7975}.Debug|Any CPU.Build.0 = Debug|Any CPU
		{3A621358-B85E-4CC7-9D52-5C0DCF0B7975}.Release|Any CPU.ActiveCfg = Release|Any CPU
		{3A621358-B85E-4CC7-9D52-5C0DCF0B7975}.Release|Any CPU.Build.0 = Release|Any CPU
		{D4D16BE4-AFDF-42EC-8717-069B376005EC}.Debug|Any CPU.ActiveCfg = Debug|Any CPU
		{D4D16BE4-AFDF-42EC-8717-069B376005EC}.Debug|Any CPU.Build.0 = Debug|Any CPU
		{D4D16BE4-AFDF-42EC-8717-069B376005EC}.Release|Any CPU.ActiveCfg = Release|Any CPU
		{D4D16BE4-AFDF-42EC-8717-069B376005EC}.Release|Any CPU.Build.0 = Release|Any CPU
		{F67DB2BA-D77F-4DDB-9F2B-850883C57F68}.Debug|Any CPU.ActiveCfg = Debug|Any CPU
		{F67DB2BA-D77F-4DDB-9F2B-850883C57F68}.Debug|Any CPU.Build.0 = Debug|Any CPU
		{F67DB2BA-D77F-4DDB-9F2B-850883C57F68}.Release|Any CPU.ActiveCfg = Release|Any CPU
		{F67DB2BA-D77F-4DDB-9F2B-850883C57F68}.Release|Any CPU.Build.0 = Release|Any CPU
		{E54F176F-AF2E-4CC6-A5DD-BC6624BC6B83}.Debug|Any CPU.ActiveCfg = Debug|Any CPU
		{E54F176F-AF2E-4CC6-A5DD-BC6624BC6B83}.Debug|Any CPU.Build.0 = Debug|Any CPU
		{E54F176F-AF2E-4CC6-A5DD-BC6624BC6B83}.Release|Any CPU.ActiveCfg = Release|Any CPU
		{E54F176F-AF2E-4CC6-A5DD-BC6624BC6B83}.Release|Any CPU.Build.0 = Release|Any CPU
		{9BAF64D4-56E4-49AE-9A43-24B9A17002A8}.Debug|Any CPU.ActiveCfg = Debug|Any CPU
		{9BAF64D4-56E4-49AE-9A43-24B9A17002A8}.Debug|Any CPU.Build.0 = Debug|Any CPU
		{9BAF64D4-56E4-49AE-9A43-24B9A17002A8}.Release|Any CPU.ActiveCfg = Release|Any CPU
		{9BAF64D4-56E4-49AE-9A43-24B9A17002A8}.Release|Any CPU.Build.0 = Release|Any CPU
		{E522222E-9550-4E08-8627-E0C6789C39F5}.Debug|Any CPU.ActiveCfg = Debug|Any CPU
		{E522222E-9550-4E08-8627-E0C6789C39F5}.Debug|Any CPU.Build.0 = Debug|Any CPU
		{E522222E-9550-4E08-8627-E0C6789C39F5}.Release|Any CPU.ActiveCfg = Release|Any CPU
		{E522222E-9550-4E08-8627-E0C6789C39F5}.Release|Any CPU.Build.0 = Release|Any CPU
		{5FB679B7-4555-4620-9BBD-8D1238B6373D}.Debug|Any CPU.ActiveCfg = Debug|Any CPU
		{5FB679B7-4555-4620-9BBD-8D1238B6373D}.Debug|Any CPU.Build.0 = Debug|Any CPU
		{5FB679B7-4555-4620-9BBD-8D1238B6373D}.Release|Any CPU.ActiveCfg = Release|Any CPU
		{5FB679B7-4555-4620-9BBD-8D1238B6373D}.Release|Any CPU.Build.0 = Release|Any CPU
		{2595CA6B-BAF1-45FB-A5E3-2FB7216F30F8}.Debug|Any CPU.ActiveCfg = Debug|Any CPU
		{2595CA6B-BAF1-45FB-A5E3-2FB7216F30F8}.Debug|Any CPU.Build.0 = Debug|Any CPU
		{2595CA6B-BAF1-45FB-A5E3-2FB7216F30F8}.Release|Any CPU.ActiveCfg = Release|Any CPU
		{2595CA6B-BAF1-45FB-A5E3-2FB7216F30F8}.Release|Any CPU.Build.0 = Release|Any CPU
		{09436369-23A8-4B2C-A89A-D953F50A18DD}.Debug|Any CPU.ActiveCfg = Debug|Any CPU
		{09436369-23A8-4B2C-A89A-D953F50A18DD}.Debug|Any CPU.Build.0 = Debug|Any CPU
		{09436369-23A8-4B2C-A89A-D953F50A18DD}.Release|Any CPU.ActiveCfg = Release|Any CPU
		{09436369-23A8-4B2C-A89A-D953F50A18DD}.Release|Any CPU.Build.0 = Release|Any CPU
		{FC1ECCCE-C65E-4BB2-885B-717AE838808B}.Debug|Any CPU.ActiveCfg = Debug|Any CPU
		{FC1ECCCE-C65E-4BB2-885B-717AE838808B}.Debug|Any CPU.Build.0 = Debug|Any CPU
		{FC1ECCCE-C65E-4BB2-885B-717AE838808B}.Release|Any CPU.ActiveCfg = Release|Any CPU
		{FC1ECCCE-C65E-4BB2-885B-717AE838808B}.Release|Any CPU.Build.0 = Release|Any CPU
		{551917DD-D6B3-4569-86E4-81366AA07BBD}.Debug|Any CPU.ActiveCfg = Debug|Any CPU
		{551917DD-D6B3-4569-86E4-81366AA07BBD}.Debug|Any CPU.Build.0 = Debug|Any CPU
		{551917DD-D6B3-4569-86E4-81366AA07BBD}.Release|Any CPU.ActiveCfg = Release|Any CPU
		{551917DD-D6B3-4569-86E4-81366AA07BBD}.Release|Any CPU.Build.0 = Release|Any CPU
		{E5F813E4-C8C8-4744-B3E8-430128BE6A82}.Debug|Any CPU.ActiveCfg = Debug|Any CPU
		{E5F813E4-C8C8-4744-B3E8-430128BE6A82}.Debug|Any CPU.Build.0 = Debug|Any CPU
		{E5F813E4-C8C8-4744-B3E8-430128BE6A82}.Release|Any CPU.ActiveCfg = Release|Any CPU
		{E5F813E4-C8C8-4744-B3E8-430128BE6A82}.Release|Any CPU.Build.0 = Release|Any CPU
		{6EA5BFEC-E5F0-40FA-92DB-526B8D346C49}.Debug|Any CPU.ActiveCfg = Debug|Any CPU
		{6EA5BFEC-E5F0-40FA-92DB-526B8D346C49}.Debug|Any CPU.Build.0 = Debug|Any CPU
		{6EA5BFEC-E5F0-40FA-92DB-526B8D346C49}.Release|Any CPU.ActiveCfg = Release|Any CPU
		{6EA5BFEC-E5F0-40FA-92DB-526B8D346C49}.Release|Any CPU.Build.0 = Release|Any CPU
		{72584BC5-89AF-4097-9388-19E7B5FE53C6}.Debug|Any CPU.ActiveCfg = Debug|Any CPU
		{72584BC5-89AF-4097-9388-19E7B5FE53C6}.Debug|Any CPU.Build.0 = Debug|Any CPU
		{72584BC5-89AF-4097-9388-19E7B5FE53C6}.Release|Any CPU.ActiveCfg = Release|Any CPU
		{72584BC5-89AF-4097-9388-19E7B5FE53C6}.Release|Any CPU.Build.0 = Release|Any CPU
		{9AD3DB44-ECA2-4DF2-B966-D42B8BD0C5A5}.Debug|Any CPU.ActiveCfg = Debug|Any CPU
		{9AD3DB44-ECA2-4DF2-B966-D42B8BD0C5A5}.Debug|Any CPU.Build.0 = Debug|Any CPU
		{9AD3DB44-ECA2-4DF2-B966-D42B8BD0C5A5}.Release|Any CPU.ActiveCfg = Release|Any CPU
		{9AD3DB44-ECA2-4DF2-B966-D42B8BD0C5A5}.Release|Any CPU.Build.0 = Release|Any CPU
		{335549A9-8DE5-435C-AEF2-C15DF0CD7B58}.Debug|Any CPU.ActiveCfg = Debug|Any CPU
		{335549A9-8DE5-435C-AEF2-C15DF0CD7B58}.Debug|Any CPU.Build.0 = Debug|Any CPU
		{335549A9-8DE5-435C-AEF2-C15DF0CD7B58}.Release|Any CPU.ActiveCfg = Release|Any CPU
		{335549A9-8DE5-435C-AEF2-C15DF0CD7B58}.Release|Any CPU.Build.0 = Release|Any CPU
		{E59B546A-7CDB-4BA6-B68D-B0447D00ED3A}.Debug|Any CPU.ActiveCfg = Debug|Any CPU
		{E59B546A-7CDB-4BA6-B68D-B0447D00ED3A}.Debug|Any CPU.Build.0 = Debug|Any CPU
		{E59B546A-7CDB-4BA6-B68D-B0447D00ED3A}.Release|Any CPU.ActiveCfg = Release|Any CPU
		{E59B546A-7CDB-4BA6-B68D-B0447D00ED3A}.Release|Any CPU.Build.0 = Release|Any CPU
	EndGlobalSection
	GlobalSection(SolutionProperties) = preSolution
		HideSolutionNode = FALSE
	EndGlobalSection
EndGlobal
